
Microsoft Visual Studio Solution File, Format Version 12.00
# Visual Studio Version 17
VisualStudioVersion = 17.11.35312.102
MinimumVisualStudioVersion = 10.0.40219.1
Project("{FAE04EC0-301F-11D3-BF4B-00C04F79EFBC}") = "RedisProject", "RedisProject\RedisProject.csproj", "{0066F72A-41CB-4212-877E-F4DA13388E95}"
EndProject
Global
	GlobalSection(SolutionConfigurationPlatforms) = preSolution
		Debug|Any CPU = Debug|Any CPU
		Release|Any CPU = Release|Any CPU
	EndGlobalSection
	GlobalSection(ProjectConfigurationPlatforms) = postSolution
		{0066F72A-41CB-4212-877E-F4DA13388E95}.Debug|Any CPU.ActiveCfg = Debug|Any CPU
		{0066F72A-41CB-4212-877E-F4DA13388E95}.Debug|Any CPU.Build.0 = Debug|Any CPU
		{0066F72A-41CB-4212-877E-F4DA13388E95}.Release|Any CPU.ActiveCfg = Release|Any CPU
		{0066F72A-41CB-4212-877E-F4DA13388E95}.Release|Any CPU.Build.0 = Release|Any CPU
	EndGlobalSection
	GlobalSection(SolutionProperties) = preSolution
		HideSolutionNode = FALSE
	EndGlobalSection
	GlobalSection(ExtensibilityGlobals) = postSolution
		SolutionGuid = {30C68F14-66C2-45D5-A536-03A8A03D85D8}
	EndGlobalSection
EndGlobal
